PODS:
  - AFNetworking (3.1.0):
    - AFNetworking/NSURLSession (= 3.1.0)
    - AFNetworking/Reachability (= 3.1.0)
    - AFNetworking/Security (= 3.1.0)
    - AFNetworking/Serialization (= 3.1.0)
    - AFNetworking/UIKit (= 3.1.0)
  - AFNetworking/NSURLSession (3.1.0):
    - AFNetworking/Reachability
    - AFNetworking/Security
    - AFNetworking/Serialization
  - AFNetworking/Reachability (3.1.0)
  - AFNetworking/Security (3.1.0)
  - AFNetworking/Serialization (3.1.0)
  - AFNetworking/UIKit (3.1.0):
    - AFNetworking/NSURLSession
  - Masonry (1.1.0)
  - MBProgressHUD (1.0.0)
  - MJExtension (3.0.13)
  - MJRefresh (3.1.13)
  - SDWebImage (4.1.0):
    - SDWebImage/Core (= 4.1.0)
  - SDWebImage/Core (4.1.0)
  - SVProgressHUD (2.1.2)
  - UITableView+FDTemplateLayoutCell (1.6)

DEPENDENCIES:
  - AFNetworking
  - Masonry
  - MBProgressHUD
  - MJExtension
  - MJRefresh
  - SDWebImage
  - SVProgressHUD
  - UITableView+FDTemplateLayoutCell

SPEC CHECKSUMS:
  AFNetworking: 5e0e199f73d8626b11e79750991f5d173d1f8b67
  Masonry: 678fab65091a9290e40e2832a55e7ab731aad201
  MBProgressHUD: 4890f671c94e8a0f3cf959aa731e9de2f036d71a
  MJExtension: 5932755f451458eefa24239358817f8d291240c7
  MJRefresh: 56a28aa628c9895e97a518dabaecf70b18f92f32
  SDWebImage: 0e435c14e402a6730315a0fb79f95e68654d55a4
  SVProgressHUD: c404a55d78acbeb7ebb78b76d3faf986475a6994
  UITableView+FDTemplateLayoutCell: 5c949b4a5059c404b442926c0e80f81d10a2d66f

PODFILE CHECKSUM: 135e4c361fba3732710f907a51c2ce51e0511ea2

COCOAPODS: 1.3.1
